
Microsoft Visual Studio Solution File, Format Version 12.00
# Visual Studio 15
VisualStudioVersion = 15.0.28307.705
MinimumVisualStudioVersion = 10.0.40219.1
Project("{FAE04EC0-301F-11D3-BF4B-00C04F79EFBC}") = "Lab1", "Lab1\Lab1.csproj", "{FBBB95AF-A5B7-414B-AB4B-B6F7DD7D6D64}"
EndProject
Global
	GlobalSection(SolutionConfigurationPlatforms) = preSolution
		Debug|Any CPU = Debug|Any CPU
		Release|Any CPU = Release|Any CPU
	EndGlobalSection
	GlobalSection(ProjectConfigurationPlatforms) = postSolution
		{FBBB95AF-A5B7-414B-AB4B-B6F7DD7D6D64}.Debug|Any CPU.ActiveCfg = Debug|Any CPU
		{FBBB95AF-A5B7-414B-AB4B-B6F7DD7D6D64}.Debug|Any CPU.Build.0 = Debug|Any CPU
		{FBBB95AF-A5B7-414B-AB4B-B6F7DD7D6D64}.Release|Any CPU.ActiveCfg = Release|Any CPU
		{FBBB95AF-A5B7-414B-AB4B-B6F7DD7D6D64}.Release|Any CPU.Build.0 = Release|Any CPU
	EndGlobalSection
	GlobalSection(SolutionProperties) = preSolution
		HideSolutionNode = FALSE
	EndGlobalSection
	GlobalSection(ExtensibilityGlobals) = postSolution
		SolutionGuid = {F9040EB3-E7F4-4C2A-90F6-0BDE7166599A}
	EndGlobalSection
EndGlobal
